
Microsoft Visual Studio Solution File, Format Version 12.00
# Visual Studio Version 16
VisualStudioVersion = 16.0.31112.23
MinimumVisualStudioVersion = 10.0.40219.1
Project("{FAE04EC0-301F-11D3-BF4B-00C04F79EFBC}") = "FlightSimulator2", "FlightSimulator2.csproj", "{18BFAEE8-A9F8-4523-8354-F289D45CCC06}"
EndProject
Global
	GlobalSection(SolutionConfigurationPlatforms) = preSolution
		Debug|Any CPU = Debug|Any CPU
		Release|Any CPU = Release|Any CPU
	EndGlobalSection
	GlobalSection(ProjectConfigurationPlatforms) = postSolution
		{18BFAEE8-A9F8-4523-8354-F289D45CCC06}.Debug|Any CPU.ActiveCfg = Debug|Any CPU
		{18BFAEE8-A9F8-4523-8354-F289D45CCC06}.Debug|Any CPU.Build.0 = Debug|Any CPU
		{18BFAEE8-A9F8-4523-8354-F289D45CCC06}.Release|Any CPU.ActiveCfg = Release|Any CPU
		{18BFAEE8-A9F8-4523-8354-F289D45CCC06}.Release|Any CPU.Build.0 = Release|Any CPU
	EndGlobalSection
	GlobalSection(SolutionProperties) = preSolution
		HideSolutionNode = FALSE
	EndGlobalSection
	GlobalSection(ExtensibilityGlobals) = postSolution
		SolutionGuid = {EC411784-23C7-466A-9EEA-2D35D6EA5790}
	EndGlobalSection
EndGlobal
